// !$*UTF8*$!
{
	archiveVersion = 1;
	classes = {
	};
	objectVersion = 46;
	objects = {

/* Begin PBXBuildFile section */
		0B7B57421CA0E5A700CD05F9 /* BaseTemplate.m in Sources */ = {isa = PBXBuildFile; fileRef = 0B7B57411CA0E5A700CD05F9 /* BaseTemplate.m */; };
		0B7B57451CA0E74F00CD05F9 /* TemplateStore.m in Sources */ = {isa = PBXBuildFile; fileRef = 0B7B57441CA0E74F00CD05F9 /* TemplateStore.m */; };
		0B7B57481CA0E85500CD05F9 /* TemplateA.m in Sources */ = {isa = PBXBuildFile; fileRef = 0B7B57471CA0E85500CD05F9 /* TemplateA.m */; };
		0B7B574B1CA0E86500CD05F9 /* TemplateB.m in Sources */ = {isa = PBXBuildFile; fileRef = 0B7B574A1CA0E86500CD05F9 /* TemplateB.m */; };
		0B7B574E1CA0E86F00CD05F9 /* TemplateC.m in Sources */ = {isa = PBXBuildFile; fileRef = 0B7B574D1CA0E86F00CD05F9 /* TemplateC.m */; };
		0B7B57511CA0E87C00CD05F9 /* TemplateD.m in Sources */ = {isa = PBXBuildFile; fileRef = 0B7B57501CA0E87C00CD05F9 /* TemplateD.m */; };
		0B7B57541CA0E88500CD05F9 /* TemplateE.m in Sources */ = {isa = PBXBuildFile; fileRef = 0B7B57531CA0E88500CD05F9 /* TemplateE.m */; };
		0B7B57571CA0E89400CD05F9 /* TemplateF.m in Sources */ = {isa = PBXBuildFile; fileRef = 0B7B57561CA0E89400CD05F9 /* TemplateF.m */; };
		0B7B575A1CA0EB5000CD05F9 /* TemplateG.m in Sources */ = {isa = PBXBuildFile; fileRef = 0B7B57591CA0EB5000CD05F9 /* TemplateG.m */; };
		0B7B575D1CA1876400CD05F9 /* savedImageObject.m in Sources */ = {isa = PBXBuildFile; fileRef = 0B7B575C1CA1876400CD05F9 /* savedImageObject.m */; };
		0BF1BC3B1CA340B600EEEEF7 /* TemplateA.png in Resources */ = {isa = PBXBuildFile; fileRef = 0BF1BC341CA340B600EEEEF7 /* TemplateA.png */; };
		0BF1BC3C1CA340B600EEEEF7 /* TemplateB.png in Resources */ = {isa = PBXBuildFile; fileRef = 0BF1BC351CA340B600EEEEF7 /* TemplateB.png */; };
		0BF1BC3D1CA340B600EEEEF7 /* TemplateC.png in Resources */ = {isa = PBXBuildFile; fileRef = 0BF1BC361CA340B600EEEEF7 /* TemplateC.png */; };
		0BF1BC3E1CA340B600EEEEF7 /* TemplateD.png in Resources */ = {isa = PBXBuildFile; fileRef = 0BF1BC371CA340B600EEEEF7 /* TemplateD.png */; };
		0BF1BC3F1CA340B600EEEEF7 /* TemplateE.png in Resources */ = {isa = PBXBuildFile; fileRef = 0BF1BC381CA340B600EEEEF7 /* TemplateE.png */; };
		0BF1BC401CA340B600EEEEF7 /* TemplateF.png in Resources */ = {isa = PBXBuildFile; fileRef = 0BF1BC391CA340B600EEEEF7 /* TemplateF.png */; };
		0BF1BC461CA38CC700EEEEF7 /* SavedCollectionViewCell.m in Sources */ = {isa = PBXBuildFile; fileRef = 0BF1BC451CA38CC700EEEEF7 /* SavedCollectionViewCell.m */; };
		0BF1BC4A1CA38D2400EEEEF7 /* SavedCollectionViewFlowLayout.m in Sources */ = {isa = PBXBuildFile; fileRef = 0BF1BC491CA38D2400EEEEF7 /* SavedCollectionViewFlowLayout.m */; };
		0BF1BC4C1CA460BB00EEEEF7 /* TemplateG.png in Resources */ = {isa = PBXBuildFile; fileRef = 0BF1BC4B1CA460BB00EEEEF7 /* TemplateG.png */; };
		891A5A9C1CA3280A00D42A47 /* Fabric.framework in Frameworks */ = {isa = PBXBuildFile; fileRef = 891A5A9A1CA3280A00D42A47 /* Fabric.framework */; };
		891A5A9D1CA3280A00D42A47 /* Crashlytics.framework in Frameworks */ = {isa = PBXBuildFile; fileRef = 891A5A9B1CA3280A00D42A47 /* Crashlytics.framework */; };
		891A5A9F1CA343D700D42A47 /* TemplateA.xib in Resources */ = {isa = PBXBuildFile; fileRef = 891A5A9E1CA343D700D42A47 /* TemplateA.xib */; };
		891A5AA21CA349B100D42A47 /* HomeCollectionViewFlowLayout.m in Sources */ = {isa = PBXBuildFile; fileRef = 891A5AA11CA349B100D42A47 /* HomeCollectionViewFlowLayout.m */; };
		891A5AA51CA3577600D42A47 /* TemplateCollectionViewCell.m in Sources */ = {isa = PBXBuildFile; fileRef = 891A5AA41CA3577600D42A47 /* TemplateCollectionViewCell.m */; };
		894B5AF31CA0C0E300DD2BFD /* main.m in Sources */ = {isa = PBXBuildFile; fileRef = 894B5AF21CA0C0E300DD2BFD /* main.m */; };
		894B5AF61CA0C0E300DD2BFD /* AppDelegate.m in Sources */ = {isa = PBXBuildFile; fileRef = 894B5AF51CA0C0E300DD2BFD /* AppDelegate.m */; };
		894B5AF91CA0C0E300DD2BFD /* ViewController.m in Sources */ = {isa = PBXBuildFile; fileRef = 894B5AF81CA0C0E300DD2BFD /* ViewController.m */; };
		894B5AFC1CA0C0E300DD2BFD /* Main.storyboard in Resources */ = {isa = PBXBuildFile; fileRef = 894B5AFA1CA0C0E300DD2BFD /* Main.storyboard */; };
		894B5AFF1CA0C0E300DD2BFD /* SmartCard.xcdatamodeld in Sources */ = {isa = PBXBuildFile; fileRef = 894B5AFD1CA0C0E300DD2BFD /* SmartCard.xcdatamodeld */; };
		894B5B011CA0C0E300DD2BFD /* Assets.xcassets in Resources */ = {isa = PBXBuildFile; fileRef = 894B5B001CA0C0E300DD2BFD /* Assets.xcassets */; };
		894B5B041CA0C0E300DD2BFD /* LaunchScreen.storyboard in Resources */ = {isa = PBXBuildFile; fileRef = 894B5B021CA0C0E300DD2BFD /* LaunchScreen.storyboard */; };
		89A36A201CA1E6D200997095 /* TemplateViewController.m in Sources */ = {isa = PBXBuildFile; fileRef = 89A36A1F1CA1E6D200997095 /* TemplateViewController.m */; };
		89A36A231CA1E6DC00997095 /* CreateViewController.m in Sources */ = {isa = PBXBuildFile; fileRef = 89A36A221CA1E6DC00997095 /* CreateViewController.m */; };
		89A36A261CA1E6E300997095 /* InfoViewController.m in Sources */ = {isa = PBXBuildFile; fileRef = 89A36A251CA1E6E300997095 /* InfoViewController.m */; };
		89A36A291CA1E6EA00997095 /* ShareViewController.m in Sources */ = {isa = PBXBuildFile; fileRef = 89A36A281CA1E6EA00997095 /* ShareViewController.m */; };
/* End PBXBuildFile section */

/* Begin PBXFileReference section */
		0B7B57401CA0E5A700CD05F9 /* BaseTemplate.h */ = {isa = PBXFileReference; fileEncoding = 4; lastKnownFileType = sourcecode.c.h; path = BaseTemplate.h; sourceTree = "<group>"; };
		0B7B57411CA0E5A700CD05F9 /* BaseTemplate.m */ = {isa = PBXFileReference; fileEncoding = 4; lastKnownFileType = sourcecode.c.objc; path = BaseTemplate.m; sourceTree = "<group>"; };
		0B7B57431CA0E74F00CD05F9 /* TemplateStore.h */ = {isa = PBXFileReference; fileEncoding = 4; lastKnownFileType = sourcecode.c.h; path = TemplateStore.h; sourceTree = "<group>"; };
		0B7B57441CA0E74F00CD05F9 /* TemplateStore.m */ = {isa = PBXFileReference; fileEncoding = 4; lastKnownFileType = sourcecode.c.objc; path = TemplateStore.m; sourceTree = "<group>"; };
		0B7B57461CA0E85500CD05F9 /* TemplateA.h */ = {isa = PBXFileReference; fileEncoding = 4; lastKnownFileType = sourcecode.c.h; path = TemplateA.h; sourceTree = "<group>"; };
		0B7B57471CA0E85500CD05F9 /* TemplateA.m */ = {isa = PBXFileReference; fileEncoding = 4; lastKnownFileType = sourcecode.c.objc; path = TemplateA.m; sourceTree = "<group>"; };
		0B7B57491CA0E86500CD05F9 /* TemplateB.h */ = {isa = PBXFileReference; fileEncoding = 4; lastKnownFileType = sourcecode.c.h; path = TemplateB.h; sourceTree = "<group>"; };
		0B7B574A1CA0E86500CD05F9 /* TemplateB.m */ = {isa = PBXFileReference; fileEncoding = 4; lastKnownFileType = sourcecode.c.objc; path = TemplateB.m; sourceTree = "<group>"; };
		0B7B574C1CA0E86F00CD05F9 /* TemplateC.h */ = {isa = PBXFileReference; fileEncoding = 4; lastKnownFileType = sourcecode.c.h; path = TemplateC.h; sourceTree = "<group>"; };
		0B7B574D1CA0E86F00CD05F9 /* TemplateC.m */ = {isa = PBXFileReference; fileEncoding = 4; lastKnownFileType = sourcecode.c.objc; path = TemplateC.m; sourceTree = "<group>"; };
		0B7B574F1CA0E87C00CD05F9 /* TemplateD.h */ = {isa = PBXFileReference; fileEncoding = 4; lastKnownFileType = sourcecode.c.h; path = TemplateD.h; sourceTree = "<group>"; };
		0B7B57501CA0E87C00CD05F9 /* TemplateD.m */ = {isa = PBXFileReference; fileEncoding = 4; lastKnownFileType = sourcecode.c.objc; path = TemplateD.m; sourceTree = "<group>"; };
		0B7B57521CA0E88500CD05F9 /* TemplateE.h */ = {isa = PBXFileReference; fileEncoding = 4; lastKnownFileType = sourcecode.c.h; path = TemplateE.h; sourceTree = "<group>"; };
		0B7B57531CA0E88500CD05F9 /* TemplateE.m */ = {isa = PBXFileReference; fileEncoding = 4; lastKnownFileType = sourcecode.c.objc; path = TemplateE.m; sourceTree = "<group>"; };
		0B7B57551CA0E89400CD05F9 /* TemplateF.h */ = {isa = PBXFileReference; fileEncoding = 4; lastKnownFileType = sourcecode.c.h; path = TemplateF.h; sourceTree = "<group>"; };
		0B7B57561CA0E89400CD05F9 /* TemplateF.m */ = {isa = PBXFileReference; fileEncoding = 4; lastKnownFileType = sourcecode.c.objc; path = TemplateF.m; sourceTree = "<group>"; };
		0B7B57581CA0EB5000CD05F9 /* TemplateG.h */ = {isa = PBXFileReference; fileEncoding = 4; lastKnownFileType = sourcecode.c.h; path = TemplateG.h; sourceTree = "<group>"; };
		0B7B57591CA0EB5000CD05F9 /* TemplateG.m */ = {isa = PBXFileReference; fileEncoding = 4; lastKnownFileType = sourcecode.c.objc; path = TemplateG.m; sourceTree = "<group>"; };
		0B7B575B1CA1876400CD05F9 /* savedImageObject.h */ = {isa = PBXFileReference; fileEncoding = 4; lastKnownFileType = sourcecode.c.h; path = savedImageObject.h; sourceTree = "<group>"; };
		0B7B575C1CA1876400CD05F9 /* savedImageObject.m */ = {isa = PBXFileReference; fileEncoding = 4; lastKnownFileType = sourcecode.c.objc; path = savedImageObject.m; sourceTree = "<group>"; };
		0BF1BC341CA340B600EEEEF7 /* TemplateA.png */ = {isa = PBXFileReference; lastKnownFileType = image.png; name = TemplateA.png; path = templateImages/TemplateA.png; sourceTree = SOURCE_ROOT; };
		0BF1BC351CA340B600EEEEF7 /* TemplateB.png */ = {isa = PBXFileReference; lastKnownFileType = image.png; name = TemplateB.png; path = templateImages/TemplateB.png; sourceTree = SOURCE_ROOT; };
		0BF1BC361CA340B600EEEEF7 /* TemplateC.png */ = {isa = PBXFileReference; lastKnownFileType = image.png; name = TemplateC.png; path = templateImages/TemplateC.png; sourceTree = SOURCE_ROOT; };
		0BF1BC371CA340B600EEEEF7 /* TemplateD.png */ = {isa = PBXFileReference; lastKnownFileType = image.png; name = TemplateD.png; path = templateImages/TemplateD.png; sourceTree = SOURCE_ROOT; };
		0BF1BC381CA340B600EEEEF7 /* TemplateE.png */ = {isa = PBXFileReference; lastKnownFileType = image.png; name = TemplateE.png; path = templateImages/TemplateE.png; sourceTree = SOURCE_ROOT; };
		0BF1BC391CA340B600EEEEF7 /* TemplateF.png */ = {isa = PBXFileReference; lastKnownFileType = image.png; name = TemplateF.png; path = templateImages/TemplateF.png; sourceTree = SOURCE_ROOT; };
		0BF1BC441CA38CC700EEEEF7 /* SavedCollectionViewCell.h */ = {isa = PBXFileReference; fileEncoding = 4; lastKnownFileType = sourcecode.c.h; path = SavedCollectionViewCell.h; sourceTree = "<group>"; };
		0BF1BC451CA38CC700EEEEF7 /* SavedCollectionViewCell.m */ = {isa = PBXFileReference; fileEncoding = 4; lastKnownFileType = sourcecode.c.objc; path = SavedCollectionViewCell.m; sourceTree = "<group>"; };
		0BF1BC481CA38D2400EEEEF7 /* SavedCollectionViewFlowLayout.h */ = {isa = PBXFileReference; fileEncoding = 4; lastKnownFileType = sourcecode.c.h; path = SavedCollectionViewFlowLayout.h; sourceTree = "<group>"; };
		0BF1BC491CA38D2400EEEEF7 /* SavedCollectionViewFlowLayout.m */ = {isa = PBXFileReference; fileEncoding = 4; lastKnownFileType = sourcecode.c.objc; path = SavedCollectionViewFlowLayout.m; sourceTree = "<group>"; };
		0BF1BC4B1CA460BB00EEEEF7 /* TemplateG.png */ = {isa = PBXFileReference; lastKnownFileType = image.png; name = TemplateG.png; path = templateImages/TemplateG.png; sourceTree = SOURCE_ROOT; };
		891A5A9A1CA3280A00D42A47 /* Fabric.framework */ = {isa = PBXFileReference; lastKnownFileType = wrapper.framework; path = Fabric.framework; sourceTree = "<group>"; };
		891A5A9B1CA3280A00D42A47 /* Crashlytics.framework */ = {isa = PBXFileReference; lastKnownFileType = wrapper.framework; path = Crashlytics.framework; sourceTree = "<group>"; };
		891A5A9E1CA343D700D42A47 /* TemplateA.xib */ = {isa = PBXFileReference; fileEncoding = 4; lastKnownFileType = file.xib; path = TemplateA.xib; sourceTree = "<group>"; };
		891A5AA01CA349B100D42A47 /* HomeCollectionViewFlowLayout.h */ = {isa = PBXFileReference; fileEncoding = 4; lastKnownFileType = sourcecode.c.h; path = HomeCollectionViewFlowLayout.h; sourceTree = "<group>"; };
		891A5AA11CA349B100D42A47 /* HomeCollectionViewFlowLayout.m */ = {isa = PBXFileReference; fileEncoding = 4; lastKnownFileType = sourcecode.c.objc; path = HomeCollectionViewFlowLayout.m; sourceTree = "<group>"; };
		891A5AA31CA3577600D42A47 /* TemplateCollectionViewCell.h */ = {isa = PBXFileReference; fileEncoding = 4; lastKnownFileType = sourcecode.c.h; path = TemplateCollectionViewCell.h; sourceTree = "<group>"; };
		891A5AA41CA3577600D42A47 /* TemplateCollectionViewCell.m */ = {isa = PBXFileReference; fileEncoding = 4; lastKnownFileType = sourcecode.c.objc; path = TemplateCollectionViewCell.m; sourceTree = "<group>"; };
		894B5AEE1CA0C0E300DD2BFD /* SmartCard.app */ = {isa = PBXFileReference; explicitFileType = wrapper.application; includeInIndex = 0; path = SmartCard.app; sourceTree = BUILT_PRODUCTS_DIR; };
		894B5AF21CA0C0E300DD2BFD /* main.m */ = {isa = PBXFileReference; lastKnownFileType = sourcecode.c.objc; path = main.m; sourceTree = "<group>"; };
		894B5AF41CA0C0E300DD2BFD /* AppDelegate.h */ = {isa = PBXFileReference; lastKnownFileType = sourcecode.c.h; path = AppDelegate.h; sourceTree = "<group>"; };
		894B5AF51CA0C0E300DD2BFD /* AppDelegate.m */ = {isa = PBXFileReference; lastKnownFileType = sourcecode.c.objc; path = AppDelegate.m; sourceTree = "<group>"; };
		894B5AF71CA0C0E300DD2BFD /* ViewController.h */ = {isa = PBXFileReference; lastKnownFileType = sourcecode.c.h; path = ViewController.h; sourceTree = "<group>"; };
		894B5AF81CA0C0E300DD2BFD /* ViewController.m */ = {isa = PBXFileReference; lastKnownFileType = sourcecode.c.objc; path = ViewController.m; sourceTree = "<group>"; };
		894B5AFB1CA0C0E300DD2BFD /* Base */ = {isa = PBXFileReference; lastKnownFileType = file.storyboard; name = Base; path = Base.lproj/Main.storyboard; sourceTree = "<group>"; };
		894B5AFE1CA0C0E300DD2BFD /* SmartCard.xcdatamodel */ = {isa = PBXFileReference; lastKnownFileType = wrapper.xcdatamodel; path = SmartCard.xcdatamodel; sourceTree = "<group>"; };
		894B5B001CA0C0E300DD2BFD /* Assets.xcassets */ = {isa = PBXFileReference; lastKnownFileType = folder.assetcatalog; path = Assets.xcassets; sourceTree = "<group>"; };
		894B5B031CA0C0E300DD2BFD /* Base */ = {isa = PBXFileReference; lastKnownFileType = file.storyboard; name = Base; path = Base.lproj/LaunchScreen.storyboard; sourceTree = "<group>"; };
		894B5B051CA0C0E300DD2BFD /* Info.plist */ = {isa = PBXFileReference; lastKnownFileType = text.plist.xml; path = Info.plist; sourceTree = "<group>"; };
		89A36A1E1CA1E6D200997095 /* TemplateViewController.h */ = {isa = PBXFileReference; fileEncoding = 4; lastKnownFileType = sourcecode.c.h; path = TemplateViewController.h; sourceTree = "<group>"; };
		89A36A1F1CA1E6D200997095 /* TemplateViewController.m */ = {isa = PBXFileReference; fileEncoding = 4; lastKnownFileType = sourcecode.c.objc; path = TemplateViewController.m; sourceTree = "<group>"; };
		89A36A211CA1E6DC00997095 /* CreateViewController.h */ = {isa = PBXFileReference; fileEncoding = 4; lastKnownFileType = sourcecode.c.h; path = CreateViewController.h; sourceTree = "<group>"; };
		89A36A221CA1E6DC00997095 /* CreateViewController.m */ = {isa = PBXFileReference; fileEncoding = 4; lastKnownFileType = sourcecode.c.objc; path = CreateViewController.m; sourceTree = "<group>"; };
		89A36A241CA1E6E300997095 /* InfoViewController.h */ = {isa = PBXFileReference; fileEncoding = 4; lastKnownFileType = sourcecode.c.h; path = InfoViewController.h; sourceTree = "<group>"; };
		89A36A251CA1E6E300997095 /* InfoViewController.m */ = {isa = PBXFileReference; fileEncoding = 4; lastKnownFileType = sourcecode.c.objc; path = InfoViewController.m; sourceTree = "<group>"; };
		89A36A271CA1E6EA00997095 /* ShareViewController.h */ = {isa = PBXFileReference; fileEncoding = 4; lastKnownFileType = sourcecode.c.h; path = ShareViewController.h; sourceTree = "<group>"; };
		89A36A281CA1E6EA00997095 /* ShareViewController.m */ = {isa = PBXFileReference; fileEncoding = 4; lastKnownFileType = sourcecode.c.objc; path = ShareViewController.m; sourceTree = "<group>"; };
/* End PBXFileReference section */

/* Begin PBXFrameworksBuildPhase section */
		894B5AEB1CA0C0E300DD2BFD /* Frameworks */ = {
			isa = PBXFrameworksBuildPhase;
			buildActionMask = 2147483647;
			files = (
				891A5A9D1CA3280A00D42A47 /* Crashlytics.framework in Frameworks */,
				891A5A9C1CA3280A00D42A47 /* Fabric.framework in Frameworks */,
			);
			runOnlyForDeploymentPostprocessing = 0;
		};
/* End PBXFrameworksBuildPhase section */

/* Begin PBXGroup section */
		0B7B573C1CA0E55600CD05F9 /* AppGlobal */ = {
			isa = PBXGroup;
			children = (
				894B5AF41CA0C0E300DD2BFD /* AppDelegate.h */,
				894B5AF51CA0C0E300DD2BFD /* AppDelegate.m */,
				894B5B051CA0C0E300DD2BFD /* Info.plist */,
			);
			name = AppGlobal;
			sourceTree = "<group>";
		};
		0B7B573D1CA0E56600CD05F9 /* Controller */ = {
			isa = PBXGroup;
			children = (
				894B5AF71CA0C0E300DD2BFD /* ViewController.h */,
				894B5AF81CA0C0E300DD2BFD /* ViewController.m */,
				89A36A1E1CA1E6D200997095 /* TemplateViewController.h */,
				89A36A1F1CA1E6D200997095 /* TemplateViewController.m */,
				89A36A211CA1E6DC00997095 /* CreateViewController.h */,
				89A36A221CA1E6DC00997095 /* CreateViewController.m */,
				89A36A241CA1E6E300997095 /* InfoViewController.h */,
				89A36A251CA1E6E300997095 /* InfoViewController.m */,
				89A36A271CA1E6EA00997095 /* ShareViewController.h */,
				89A36A281CA1E6EA00997095 /* ShareViewController.m */,
			);
			name = Controller;
			sourceTree = "<group>";
		};
		0B7B573E1CA0E57500CD05F9 /* View */ = {
			isa = PBXGroup;
			children = (
				894B5AFA1CA0C0E300DD2BFD /* Main.storyboard */,
				0BF1BC431CA38C9F00EEEEF7 /* CollectionViewCells */,
				0BF1BC421CA340C100EEEEF7 /* TemplateImages */,
				0BF1BC471CA38CEB00EEEEF7 /* CollectionViewFlowLayout */,
				891A5A9E1CA343D700D42A47 /* TemplateA.xib */,
				894B5B001CA0C0E300DD2BFD /* Assets.xcassets */,
				894B5B021CA0C0E300DD2BFD /* LaunchScreen.storyboard */,
			);
			name = View;
			sourceTree = "<group>";
		};
		0B7B573F1CA0E57E00CD05F9 /* Model */ = {
			isa = PBXGroup;
			children = (
				894B5AFD1CA0C0E300DD2BFD /* SmartCard.xcdatamodeld */,
				0B7B57401CA0E5A700CD05F9 /* BaseTemplate.h */,
				0B7B57411CA0E5A700CD05F9 /* BaseTemplate.m */,
				0B7B57431CA0E74F00CD05F9 /* TemplateStore.h */,
				0B7B57441CA0E74F00CD05F9 /* TemplateStore.m */,
				0B7B575B1CA1876400CD05F9 /* savedImageObject.h */,
				0B7B575C1CA1876400CD05F9 /* savedImageObject.m */,
				0B7B57461CA0E85500CD05F9 /* TemplateA.h */,
				0B7B57471CA0E85500CD05F9 /* TemplateA.m */,
				0B7B57491CA0E86500CD05F9 /* TemplateB.h */,
				0B7B574A1CA0E86500CD05F9 /* TemplateB.m */,
				0B7B574C1CA0E86F00CD05F9 /* TemplateC.h */,
				0B7B574D1CA0E86F00CD05F9 /* TemplateC.m */,
				0B7B574F1CA0E87C00CD05F9 /* TemplateD.h */,
				0B7B57501CA0E87C00CD05F9 /* TemplateD.m */,
				0B7B57521CA0E88500CD05F9 /* TemplateE.h */,
				0B7B57531CA0E88500CD05F9 /* TemplateE.m */,
				0B7B57551CA0E89400CD05F9 /* TemplateF.h */,
				0B7B57561CA0E89400CD05F9 /* TemplateF.m */,
				0B7B57581CA0EB5000CD05F9 /* TemplateG.h */,
				0B7B57591CA0EB5000CD05F9 /* TemplateG.m */,
			);
			name = Model;
			sourceTree = "<group>";
		};
		0BF1BC421CA340C100EEEEF7 /* TemplateImages */ = {
			isa = PBXGroup;
			children = (
				0BF1BC341CA340B600EEEEF7 /* TemplateA.png */,
				0BF1BC351CA340B600EEEEF7 /* TemplateB.png */,
				0BF1BC361CA340B600EEEEF7 /* TemplateC.png */,
				0BF1BC371CA340B600EEEEF7 /* TemplateD.png */,
				0BF1BC381CA340B600EEEEF7 /* TemplateE.png */,
				0BF1BC391CA340B600EEEEF7 /* TemplateF.png */,
				0BF1BC4B1CA460BB00EEEEF7 /* TemplateG.png */,
			);
			name = TemplateImages;
			sourceTree = "<group>";
		};
		0BF1BC431CA38C9F00EEEEF7 /* CollectionViewCells */ = {
			isa = PBXGroup;
			children = (
				891A5AA31CA3577600D42A47 /* TemplateCollectionViewCell.h */,
				891A5AA41CA3577600D42A47 /* TemplateCollectionViewCell.m */,
				0BF1BC441CA38CC700EEEEF7 /* SavedCollectionViewCell.h */,
				0BF1BC451CA38CC700EEEEF7 /* SavedCollectionViewCell.m */,
			);
			name = CollectionViewCells;
			sourceTree = "<group>";
		};
		0BF1BC471CA38CEB00EEEEF7 /* CollectionViewFlowLayout */ = {
			isa = PBXGroup;
			children = (
				891A5AA01CA349B100D42A47 /* HomeCollectionViewFlowLayout.h */,
				891A5AA11CA349B100D42A47 /* HomeCollectionViewFlowLayout.m */,
				0BF1BC481CA38D2400EEEEF7 /* SavedCollectionViewFlowLayout.h */,
				0BF1BC491CA38D2400EEEEF7 /* SavedCollectionViewFlowLayout.m */,
			);
			name = CollectionViewFlowLayout;
			sourceTree = "<group>";
		};
		894B5AE51CA0C0E300DD2BFD = {
			isa = PBXGroup;
			children = (
				894B5AF01CA0C0E300DD2BFD /* SmartCard */,
				894B5AEF1CA0C0E300DD2BFD /* Products */,
			);
			sourceTree = "<group>";
		};
		894B5AEF1CA0C0E300DD2BFD /* Products */ = {
			isa = PBXGroup;
			children = (
				894B5AEE1CA0C0E300DD2BFD /* SmartCard.app */,
			);
			name = Products;
			sourceTree = "<group>";
		};
		894B5AF01CA0C0E300DD2BFD /* SmartCard */ = {
			isa = PBXGroup;
			children = (
				891A5A9A1CA3280A00D42A47 /* Fabric.framework */,
				891A5A9B1CA3280A00D42A47 /* Crashlytics.framework */,
				0B7B573C1CA0E55600CD05F9 /* AppGlobal */,
				0B7B573D1CA0E56600CD05F9 /* Controller */,
				0B7B573E1CA0E57500CD05F9 /* View */,
				0B7B573F1CA0E57E00CD05F9 /* Model */,
				894B5AF11CA0C0E300DD2BFD /* Supporting Files */,
			);
			path = SmartCard;
			sourceTree = "<group>";
		};
		894B5AF11CA0C0E300DD2BFD /* Supporting Files */ = {
			isa = PBXGroup;
			children = (
				894B5AF21CA0C0E300DD2BFD /* main.m */,
			);
			name = "Supporting Files";
			sourceTree = "<group>";
		};
/* End PBXGroup section */

/* Begin PBXNativeTarget section */
		894B5AED1CA0C0E300DD2BFD /* SmartCard */ = {
			isa = PBXNativeTarget;
			buildConfigurationList = 894B5B081CA0C0E300DD2BFD /* Build configuration list for PBXNativeTarget "SmartCard" */;
			buildPhases = (
				894B5AEA1CA0C0E300DD2BFD /* Sources */,
				894B5AEB1CA0C0E300DD2BFD /* Frameworks */,
				894B5AEC1CA0C0E300DD2BFD /* Resources */,
				891A5A991CA327DD00D42A47 /* ShellScript */,
			);
			buildRules = (
			);
			dependencies = (
			);
			name = SmartCard;
			productName = SmartCard;
			productReference = 894B5AEE1CA0C0E300DD2BFD /* SmartCard.app */;
			productType = "com.apple.product-type.application";
		};
/* End PBXNativeTarget section */

/* Begin PBXProject section */
		894B5AE61CA0C0E300DD2BFD /* Project object */ = {
			isa = PBXProject;
			attributes = {
				LastUpgradeCheck = 0720;
				ORGANIZATIONNAME = "Lauren Spatz";
				TargetAttributes = {
					894B5AED1CA0C0E300DD2BFD = {
						CreatedOnToolsVersion = 7.2.1;
					};
				};
			};
			buildConfigurationList = 894B5AE91CA0C0E300DD2BFD /* Build configuration list for PBXProject "SmartCard" */;
			compatibilityVersion = "Xcode 3.2";
			developmentRegion = English;
			hasScannedForEncodings = 0;
			knownRegions = (
				en,
				Base,
			);
			mainGroup = 894B5AE51CA0C0E300DD2BFD;
			productRefGroup = 894B5AEF1CA0C0E300DD2BFD /* Products */;
			projectDirPath = "";
			projectRoot = "";
			targets = (
				894B5AED1CA0C0E300DD2BFD /* SmartCard */,
			);
		};
/* End PBXProject section */

/* Begin PBXResourcesBuildPhase section */
		894B5AEC1CA0C0E300DD2BFD /* Resources */ = {
			isa = PBXResourcesBuildPhase;
			buildActionMask = 2147483647;
			files = (
				894B5B041CA0C0E300DD2BFD /* LaunchScreen.storyboard in Resources */,
				891A5A9F1CA343D700D42A47 /* TemplateA.xib in Resources */,
				0BF1BC3F1CA340B600EEEEF7 /* TemplateE.png in Resources */,
				0BF1BC3B1CA340B600EEEEF7 /* TemplateA.png in Resources */,
				0BF1BC401CA340B600EEEEF7 /* TemplateF.png in Resources */,
				0BF1BC3E1CA340B600EEEEF7 /* TemplateD.png in Resources */,
				0BF1BC4C1CA460BB00EEEEF7 /* TemplateG.png in Resources */,
				0BF1BC3C1CA340B600EEEEF7 /* TemplateB.png in Resources */,
				0BF1BC3D1CA340B600EEEEF7 /* TemplateC.png in Resources */,
				894B5B011CA0C0E300DD2BFD /* Assets.xcassets in Resources */,
				894B5AFC1CA0C0E300DD2BFD /* Main.storyboard in Resources */,
			);
			runOnlyForDeploymentPostprocessing = 0;
		};
/* End PBXResourcesBuildPhase section */

/* Begin PBXShellScriptBuildPhase section */
		891A5A991CA327DD00D42A47 /* ShellScript */ = {
			isa = PBXShellScriptBuildPhase;
			buildActionMask = 2147483647;
			files = (
			);
			inputPaths = (
			);
			outputPaths = (
			);
			runOnlyForDeploymentPostprocessing = 0;
			shellPath = /bin/sh;
			shellScript = "./Fabric.framework/run 044ab976dfe8424d943175ee241fd79bc734649f 76765040cc9c79982a97bc51c4722001a10545ba803200f5d92035a2f044da5a";
		};
/* End PBXShellScriptBuildPhase section */

/* Begin PBXSourcesBuildPhase section */
		894B5AEA1CA0C0E300DD2BFD /* Sources */ = {
			isa = PBXSourcesBuildPhase;
			buildActionMask = 2147483647;
			files = (
				0BF1BC461CA38CC700EEEEF7 /* SavedCollectionViewCell.m in Sources */,
				0B7B57571CA0E89400CD05F9 /* TemplateF.m in Sources */,
				0B7B57481CA0E85500CD05F9 /* TemplateA.m in Sources */,
				0B7B575D1CA1876400CD05F9 /* savedImageObject.m in Sources */,
				89A36A261CA1E6E300997095 /* InfoViewController.m in Sources */,
				894B5AF91CA0C0E300DD2BFD /* ViewController.m in Sources */,
				891A5AA21CA349B100D42A47 /* HomeCollectionViewFlowLayout.m in Sources */,
				89A36A231CA1E6DC00997095 /* CreateViewController.m in Sources */,
				0B7B57421CA0E5A700CD05F9 /* BaseTemplate.m in Sources */,
				89A36A201CA1E6D200997095 /* TemplateViewController.m in Sources */,
				894B5AF61CA0C0E300DD2BFD /* AppDelegate.m in Sources */,
				891A5AA51CA3577600D42A47 /* TemplateCollectionViewCell.m in Sources */,
				0BF1BC4A1CA38D2400EEEEF7 /* SavedCollectionViewFlowLayout.m in Sources */,
				0B7B57511CA0E87C00CD05F9 /* TemplateD.m in Sources */,
				0B7B57541CA0E88500CD05F9 /* TemplateE.m in Sources */,
				0B7B574B1CA0E86500CD05F9 /* TemplateB.m in Sources */,
				0B7B57451CA0E74F00CD05F9 /* TemplateStore.m in Sources */,
				0B7B574E1CA0E86F00CD05F9 /* TemplateC.m in Sources */,
				894B5AF31CA0C0E300DD2BFD /* main.m in Sources */,
				894B5AFF1CA0C0E300DD2BFD /* SmartCard.xcdatamodeld in Sources */,
				89A36A291CA1E6EA00997095 /* ShareViewController.m in Sources */,
				0B7B575A1CA0EB5000CD05F9 /* TemplateG.m in Sources */,
			);
			runOnlyForDeploymentPostprocessing = 0;
		};
/* End PBXSourcesBuildPhase section */

/* Begin PBXVariantGroup section */
		894B5AFA1CA0C0E300DD2BFD /* Main.storyboard */ = {
			isa = PBXVariantGroup;
			children = (
				894B5AFB1CA0C0E300DD2BFD /* Base */,
			);
			name = Main.storyboard;
			sourceTree = "<group>";
		};
		894B5B021CA0C0E300DD2BFD /* LaunchScreen.storyboard */ = {
			isa = PBXVariantGroup;
			children = (
				894B5B031CA0C0E300DD2BFD /* Base */,
			);
			name = LaunchScreen.storyboard;
			sourceTree = "<group>";
		};
/* End PBXVariantGroup section */

/* Begin XCBuildConfiguration section */
		894B5B061CA0C0E300DD2BFD /* Debug */ = {
			isa = XCBuildConfiguration;
			buildSettings = {
				ALWAYS_SEARCH_USER_PATHS = NO;
				CLANG_CXX_LANGUAGE_STANDARD = "gnu++0x";
				CLANG_CXX_LIBRARY = "libc++";
				CLANG_ENABLE_MODULES = YES;
				CLANG_ENABLE_OBJC_ARC = YES;
				CLANG_WARN_BOOL_CONVERSION = YES;
				CLANG_WARN_CONSTANT_CONVERSION = YES;
				CLANG_WARN_DIRECT_OBJC_ISA_USAGE = YES_ERROR;
				CLANG_WARN_EMPTY_BODY = YES;
				CLANG_WARN_ENUM_CONVERSION = YES;
				CLANG_WARN_INT_CONVERSION = YES;
				CLANG_WARN_OBJC_ROOT_CLASS = YES_ERROR;
				CLANG_WARN_UNREACHABLE_CODE = YES;
				CLANG_WARN__DUPLICATE_METHOD_MATCH = YES;
				"CODE_SIGN_IDENTITY[sdk=iphoneos*]" = "iPhone Developer";
				COPY_PHASE_STRIP = NO;
				DEBUG_INFORMATION_FORMAT = dwarf;
				ENABLE_STRICT_OBJC_MSGSEND = YES;
				ENABLE_TESTABILITY = YES;
				GCC_C_LANGUAGE_STANDARD = gnu99;
				GCC_DYNAMIC_NO_PIC = NO;
				GCC_NO_COMMON_BLOCKS = YES;
				GCC_OPTIMIZATION_LEVEL = 0;
				GCC_PREPROCESSOR_DEFINITIONS = (
					"DEBUG=1",
					"$(inherited)",
				);
				GCC_WARN_64_TO_32_BIT_CONVERSION = YES;
				GCC_WARN_ABOUT_RETURN_TYPE = YES_ERROR;
				GCC_WARN_UNDECLARED_SELECTOR = YES;
				GCC_WARN_UNINITIALIZED_AUTOS = YES_AGGRESSIVE;
				GCC_WARN_UNUSED_FUNCTION = YES;
				GCC_WARN_UNUSED_VARIABLE = YES;
				IPHONEOS_DEPLOYMENT_TARGET = 9.2;
				MTL_ENABLE_DEBUG_INFO = YES;
				ONLY_ACTIVE_ARCH = YES;
				SDKROOT = iphoneos;
				TARGETED_DEVICE_FAMILY = "1,2";
			};
			name = Debug;
		};
		894B5B071CA0C0E300DD2BFD /* Release */ = {
			isa = XCBuildConfiguration;
			buildSettings = {
				ALWAYS_SEARCH_USER_PATHS = NO;
				CLANG_CXX_LANGUAGE_STANDARD = "gnu++0x";
				CLANG_CXX_LIBRARY = "libc++";
				CLANG_ENABLE_MODULES = YES;
				CLANG_ENABLE_OBJC_ARC = YES;
				CLANG_WARN_BOOL_CONVERSION = YES;
				CLANG_WARN_CONSTANT_CONVERSION = YES;
				CLANG_WARN_DIRECT_OBJC_ISA_USAGE = YES_ERROR;
				CLANG_WARN_EMPTY_BODY = YES;
				CLANG_WARN_ENUM_CONVERSION = YES;
				CLANG_WARN_INT_CONVERSION = YES;
				CLANG_WARN_OBJC_ROOT_CLASS = YES_ERROR;
				CLANG_WARN_UNREACHABLE_CODE = YES;
				CLANG_WARN__DUPLICATE_METHOD_MATCH = YES;
				"CODE_SIGN_IDENTITY[sdk=iphoneos*]" = "iPhone Developer";
				COPY_PHASE_STRIP = NO;
				DEBUG_INFORMATION_FORMAT = "dwarf-with-dsym";
				ENABLE_NS_ASSERTIONS = NO;
				ENABLE_STRICT_OBJC_MSGSEND = YES;
				GCC_C_LANGUAGE_STANDARD = gnu99;
				GCC_NO_COMMON_BLOCKS = YES;
				GCC_WARN_64_TO_32_BIT_CONVERSION = YES;
				GCC_WARN_ABOUT_RETURN_TYPE = YES_ERROR;
				GCC_WARN_UNDECLARED_SELECTOR = YES;
				GCC_WARN_UNINITIALIZED_AUTOS = YES_AGGRESSIVE;
				GCC_WARN_UNUSED_FUNCTION = YES;
				GCC_WARN_UNUSED_VARIABLE = YES;
				IPHONEOS_DEPLOYMENT_TARGET = 9.2;
				MTL_ENABLE_DEBUG_INFO = NO;
				SDKROOT = iphoneos;
				TARGETED_DEVICE_FAMILY = "1,2";
				VALIDATE_PRODUCT = YES;
			};
			name = Release;
		};
		894B5B091CA0C0E300DD2BFD /* Debug */ = {
			isa = XCBuildConfiguration;
			buildSettings = {
				ASSETCATALOG_COMPILER_APPICON_NAME = AppIcon;
				DEBUG_INFORMATION_FORMAT = "dwarf-with-dsym";
				FRAMEWORK_SEARCH_PATHS = (
					"$(inherited)",
					"$(PROJECT_DIR)/SmartCard",
				);
				INFOPLIST_FILE = SmartCard/Info.plist;
				LD_RUNPATH_SEARCH_PATHS = "$(inherited) @executable_path/Frameworks";
				PRODUCT_BUNDLE_IDENTIFIER = com.laurenspatz.SmartCard;
				PRODUCT_NAME = "$(TARGET_NAME)";
			};
			name = Debug;
		};
		894B5B0A1CA0C0E300DD2BFD /* Release */ = {
			isa = XCBuildConfiguration;
			buildSettings = {
				ASSETCATALOG_COMPILER_APPICON_NAME = AppIcon;
				DEBUG_INFORMATION_FORMAT = "dwarf-with-dsym";
				FRAMEWORK_SEARCH_PATHS = (
					"$(inherited)",
					"$(PROJECT_DIR)/SmartCard",
				);
				INFOPLIST_FILE = SmartCard/Info.plist;
				LD_RUNPATH_SEARCH_PATHS = "$(inherited) @executable_path/Frameworks";
				PRODUCT_BUNDLE_IDENTIFIER = com.laurenspatz.SmartCard;
				PRODUCT_NAME = "$(TARGET_NAME)";
			};
			name = Release;
		};
/* End XCBuildConfiguration section */

/* Begin XCConfigurationList section */
		894B5AE91CA0C0E300DD2BFD /* Build configuration list for PBXProject "SmartCard" */ = {
			isa = XCConfigurationList;
			buildConfigurations = (
				894B5B061CA0C0E300DD2BFD /* Debug */,
				894B5B071CA0C0E300DD2BFD /* Release */,
			);
			defaultConfigurationIsVisible = 0;
			defaultConfigurationName = Release;
		};
		894B5B081CA0C0E300DD2BFD /* Build configuration list for PBXNativeTarget "SmartCard" */ = {
			isa = XCConfigurationList;
			buildConfigurations = (
				894B5B091CA0C0E300DD2BFD /* Debug */,
				894B5B0A1CA0C0E300DD2BFD /* Release */,
			);
			defaultConfigurationIsVisible = 0;
			defaultConfigurationName = Release;
		};
/* End XCConfigurationList section */

/* Begin XCVersionGroup section */
		894B5AFD1CA0C0E300DD2BFD /* SmartCard.xcdatamodeld */ = {
			isa = XCVersionGroup;
			children = (
				894B5AFE1CA0C0E300DD2BFD /* SmartCard.xcdatamodel */,
			);
			currentVersion = 894B5AFE1CA0C0E300DD2BFD /* SmartCard.xcdatamodel */;
			path = SmartCard.xcdatamodeld;
			sourceTree = "<group>";
			versionGroupType = wrapper.xcdatamodel;
		};
/* End XCVersionGroup section */
	};
	rootObject = 894B5AE61CA0C0E300DD2BFD /* Project object */;
}
