// !$*UTF8*$!
{
	archiveVersion = 1;
	classes = {
	};
	objectVersion = 46;
	objects = {

/* Begin PBXBuildFile section */
		0B7B57421CA0E5A700CD05F9 /* BaseTemplate.m in Sources */ = {isa = PBXBuildFile; fileRef = 0B7B57411CA0E5A700CD05F9 /* BaseTemplate.m */; };
		0B98A76E1CAB79E00057D3BE /* TemplateAView.m in Sources */ = {isa = PBXBuildFile; fileRef = 0B98A76D1CAB79E00057D3BE /* TemplateAView.m */; };
		0B98A7711CAB7CC20057D3BE /* TemplateBView.m in Sources */ = {isa = PBXBuildFile; fileRef = 0B98A7701CAB7CC20057D3BE /* TemplateBView.m */; };
		0B98A7741CAB7DB60057D3BE /* TemplateCView.m in Sources */ = {isa = PBXBuildFile; fileRef = 0B98A7731CAB7DB60057D3BE /* TemplateCView.m */; };
		0B98A7771CAB7E220057D3BE /* TemplateDView.m in Sources */ = {isa = PBXBuildFile; fileRef = 0B98A7761CAB7E220057D3BE /* TemplateDView.m */; };
		0B98A77A1CAB7EA10057D3BE /* TemplateEView.m in Sources */ = {isa = PBXBuildFile; fileRef = 0B98A7791CAB7EA10057D3BE /* TemplateEView.m */; };
		0B98A77D1CAB7F080057D3BE /* TemplateFView.m in Sources */ = {isa = PBXBuildFile; fileRef = 0B98A77C1CAB7F080057D3BE /* TemplateFView.m */; };
		0B98A7801CAB7F550057D3BE /* TemplateGView.m in Sources */ = {isa = PBXBuildFile; fileRef = 0B98A77F1CAB7F550057D3BE /* TemplateGView.m */; };
		0BCA11AB1CB1ADDE006A757F /* CardStore.m in Sources */ = {isa = PBXBuildFile; fileRef = 0BCA11AA1CB1ADDE006A757F /* CardStore.m */; };
		0BF1BC461CA38CC700EEEEF7 /* SavedCollectionViewCell.m in Sources */ = {isa = PBXBuildFile; fileRef = 0BF1BC451CA38CC700EEEEF7 /* SavedCollectionViewCell.m */; };
		0BF1BC4A1CA38D2400EEEEF7 /* SavedCollectionViewFlowLayout.m in Sources */ = {isa = PBXBuildFile; fileRef = 0BF1BC491CA38D2400EEEEF7 /* SavedCollectionViewFlowLayout.m */; };
		891A5A9C1CA3280A00D42A47 /* Fabric.framework in Frameworks */ = {isa = PBXBuildFile; fileRef = 891A5A9A1CA3280A00D42A47 /* Fabric.framework */; };
		891A5A9D1CA3280A00D42A47 /* Crashlytics.framework in Frameworks */ = {isa = PBXBuildFile; fileRef = 891A5A9B1CA3280A00D42A47 /* Crashlytics.framework */; };
		891A5AA21CA349B100D42A47 /* HomeCollectionViewFlowLayout.m in Sources */ = {isa = PBXBuildFile; fileRef = 891A5AA11CA349B100D42A47 /* HomeCollectionViewFlowLayout.m */; };
		891A5AA51CA3577600D42A47 /* TemplateCollectionViewCell.m in Sources */ = {isa = PBXBuildFile; fileRef = 891A5AA41CA3577600D42A47 /* TemplateCollectionViewCell.m */; };
		894B5AF31CA0C0E300DD2BFD /* main.m in Sources */ = {isa = PBXBuildFile; fileRef = 894B5AF21CA0C0E300DD2BFD /* main.m */; };
		894B5AF61CA0C0E300DD2BFD /* AppDelegate.m in Sources */ = {isa = PBXBuildFile; fileRef = 894B5AF51CA0C0E300DD2BFD /* AppDelegate.m */; };
		894B5AF91CA0C0E300DD2BFD /* ViewController.m in Sources */ = {isa = PBXBuildFile; fileRef = 894B5AF81CA0C0E300DD2BFD /* ViewController.m */; };
		894B5AFC1CA0C0E300DD2BFD /* Main.storyboard in Resources */ = {isa = PBXBuildFile; fileRef = 894B5AFA1CA0C0E300DD2BFD /* Main.storyboard */; };
		894B5AFF1CA0C0E300DD2BFD /* SmartCard.xcdatamodeld in Sources */ = {isa = PBXBuildFile; fileRef = 894B5AFD1CA0C0E300DD2BFD /* SmartCard.xcdatamodeld */; };
		894B5B011CA0C0E300DD2BFD /* Assets.xcassets in Resources */ = {isa = PBXBuildFile; fileRef = 894B5B001CA0C0E300DD2BFD /* Assets.xcassets */; };
		894B5B041CA0C0E300DD2BFD /* LaunchScreen.storyboard in Resources */ = {isa = PBXBuildFile; fileRef = 894B5B021CA0C0E300DD2BFD /* LaunchScreen.storyboard */; };
		895B210B1CAC69F400CC8610 /* CardImage+CoreDataProperties.m in Sources */ = {isa = PBXBuildFile; fileRef = 895B21041CAC69F300CC8610 /* CardImage+CoreDataProperties.m */; };
		895B210C1CAC69F400CC8610 /* CardImage.m in Sources */ = {isa = PBXBuildFile; fileRef = 895B21061CAC69F400CC8610 /* CardImage.m */; };
		895B210D1CAC69F400CC8610 /* ContactData+CoreDataProperties.m in Sources */ = {isa = PBXBuildFile; fileRef = 895B21081CAC69F400CC8610 /* ContactData+CoreDataProperties.m */; };
		895B210E1CAC69F400CC8610 /* ContactData.m in Sources */ = {isa = PBXBuildFile; fileRef = 895B210A1CAC69F400CC8610 /* ContactData.m */; };
		895B21111CAC6EE000CC8610 /* ContactService.m in Sources */ = {isa = PBXBuildFile; fileRef = 895B21101CAC6EE000CC8610 /* ContactService.m */; };
		89A36A201CA1E6D200997095 /* TemplateViewController.m in Sources */ = {isa = PBXBuildFile; fileRef = 89A36A1F1CA1E6D200997095 /* TemplateViewController.m */; };
		89A36A231CA1E6DC00997095 /* CreateViewController.m in Sources */ = {isa = PBXBuildFile; fileRef = 89A36A221CA1E6DC00997095 /* CreateViewController.m */; };
		89A36A261CA1E6E300997095 /* InfoViewController.m in Sources */ = {isa = PBXBuildFile; fileRef = 89A36A251CA1E6E300997095 /* InfoViewController.m */; };
		89A36A291CA1E6EA00997095 /* ShareViewController.m in Sources */ = {isa = PBXBuildFile; fileRef = 89A36A281CA1E6EA00997095 /* ShareViewController.m */; };
		E94808781CB4482400AFF926 /* RegexService.m in Sources */ = {isa = PBXBuildFile; fileRef = E94808771CB4482400AFF926 /* RegexService.m */; };
/* End PBXBuildFile section */

/* Begin PBXFileReference section */
		0B7B57401CA0E5A700CD05F9 /* BaseTemplate.h */ = {isa = PBXFileReference; fileEncoding = 4; lastKnownFileType = sourcecode.c.h; path = BaseTemplate.h; sourceTree = "<group>"; };
		0B7B57411CA0E5A700CD05F9 /* BaseTemplate.m */ = {isa = PBXFileReference; fileEncoding = 4; lastKnownFileType = sourcecode.c.objc; path = BaseTemplate.m; sourceTree = "<group>"; };
		0B98A76C1CAB79E00057D3BE /* TemplateAView.h */ = {isa = PBXFileReference; fileEncoding = 4; lastKnownFileType = sourcecode.c.h; path = TemplateAView.h; sourceTree = "<group>"; };
		0B98A76D1CAB79E00057D3BE /* TemplateAView.m */ = {isa = PBXFileReference; fileEncoding = 4; lastKnownFileType = sourcecode.c.objc; path = TemplateAView.m; sourceTree = "<group>"; };
		0B98A76F1CAB7CC20057D3BE /* TemplateBView.h */ = {isa = PBXFileReference; fileEncoding = 4; lastKnownFileType = sourcecode.c.h; path = TemplateBView.h; sourceTree = "<group>"; };
		0B98A7701CAB7CC20057D3BE /* TemplateBView.m */ = {isa = PBXFileReference; fileEncoding = 4; lastKnownFileType = sourcecode.c.objc; path = TemplateBView.m; sourceTree = "<group>"; };
		0B98A7721CAB7DB60057D3BE /* TemplateCView.h */ = {isa = PBXFileReference; fileEncoding = 4; lastKnownFileType = sourcecode.c.h; path = TemplateCView.h; sourceTree = "<group>"; };
		0B98A7731CAB7DB60057D3BE /* TemplateCView.m */ = {isa = PBXFileReference; fileEncoding = 4; lastKnownFileType = sourcecode.c.objc; path = TemplateCView.m; sourceTree = "<group>"; };
		0B98A7751CAB7E220057D3BE /* TemplateDView.h */ = {isa = PBXFileReference; fileEncoding = 4; lastKnownFileType = sourcecode.c.h; path = TemplateDView.h; sourceTree = "<group>"; };
		0B98A7761CAB7E220057D3BE /* TemplateDView.m */ = {isa = PBXFileReference; fileEncoding = 4; lastKnownFileType = sourcecode.c.objc; path = TemplateDView.m; sourceTree = "<group>"; };
		0B98A7781CAB7EA10057D3BE /* TemplateEView.h */ = {isa = PBXFileReference; fileEncoding = 4; lastKnownFileType = sourcecode.c.h; path = TemplateEView.h; sourceTree = "<group>"; };
		0B98A7791CAB7EA10057D3BE /* TemplateEView.m */ = {isa = PBXFileReference; fileEncoding = 4; lastKnownFileType = sourcecode.c.objc; path = TemplateEView.m; sourceTree = "<group>"; };
		0B98A77B1CAB7F080057D3BE /* TemplateFView.h */ = {isa = PBXFileReference; fileEncoding = 4; lastKnownFileType = sourcecode.c.h; path = TemplateFView.h; sourceTree = "<group>"; };
		0B98A77C1CAB7F080057D3BE /* TemplateFView.m */ = {isa = PBXFileReference; fileEncoding = 4; lastKnownFileType = sourcecode.c.objc; path = TemplateFView.m; sourceTree = "<group>"; };
		0B98A77E1CAB7F550057D3BE /* TemplateGView.h */ = {isa = PBXFileReference; fileEncoding = 4; lastKnownFileType = sourcecode.c.h; path = TemplateGView.h; sourceTree = "<group>"; };
		0B98A77F1CAB7F550057D3BE /* TemplateGView.m */ = {isa = PBXFileReference; fileEncoding = 4; lastKnownFileType = sourcecode.c.objc; path = TemplateGView.m; sourceTree = "<group>"; };
		0BCA11A91CB1ADDE006A757F /* CardStore.h */ = {isa = PBXFileReference; fileEncoding = 4; lastKnownFileType = sourcecode.c.h; path = CardStore.h; sourceTree = "<group>"; };
		0BCA11AA1CB1ADDE006A757F /* CardStore.m */ = {isa = PBXFileReference; fileEncoding = 4; lastKnownFileType = sourcecode.c.objc; path = CardStore.m; sourceTree = "<group>"; };
		0BF1BC441CA38CC700EEEEF7 /* SavedCollectionViewCell.h */ = {isa = PBXFileReference; fileEncoding = 4; lastKnownFileType = sourcecode.c.h; path = SavedCollectionViewCell.h; sourceTree = "<group>"; };
		0BF1BC451CA38CC700EEEEF7 /* SavedCollectionViewCell.m */ = {isa = PBXFileReference; fileEncoding = 4; lastKnownFileType = sourcecode.c.objc; path = SavedCollectionViewCell.m; sourceTree = "<group>"; };
		0BF1BC481CA38D2400EEEEF7 /* SavedCollectionViewFlowLayout.h */ = {isa = PBXFileReference; fileEncoding = 4; lastKnownFileType = sourcecode.c.h; path = SavedCollectionViewFlowLayout.h; sourceTree = "<group>"; };
		0BF1BC491CA38D2400EEEEF7 /* SavedCollectionViewFlowLayout.m */ = {isa = PBXFileReference; fileEncoding = 4; lastKnownFileType = sourcecode.c.objc; path = SavedCollectionViewFlowLayout.m; sourceTree = "<group>"; };
		891A5A9A1CA3280A00D42A47 /* Fabric.framework */ = {isa = PBXFileReference; lastKnownFileType = wrapper.framework; path = Fabric.framework; sourceTree = "<group>"; };
		891A5A9B1CA3280A00D42A47 /* Crashlytics.framework */ = {isa = PBXFileReference; lastKnownFileType = wrapper.framework; path = Crashlytics.framework; sourceTree = "<group>"; };
		891A5AA01CA349B100D42A47 /* HomeCollectionViewFlowLayout.h */ = {isa = PBXFileReference; fileEncoding = 4; lastKnownFileType = sourcecode.c.h; path = HomeCollectionViewFlowLayout.h; sourceTree = "<group>"; };
		891A5AA11CA349B100D42A47 /* HomeCollectionViewFlowLayout.m */ = {isa = PBXFileReference; fileEncoding = 4; lastKnownFileType = sourcecode.c.objc; path = HomeCollectionViewFlowLayout.m; sourceTree = "<group>"; };
		891A5AA31CA3577600D42A47 /* TemplateCollectionViewCell.h */ = {isa = PBXFileReference; fileEncoding = 4; lastKnownFileType = sourcecode.c.h; path = TemplateCollectionViewCell.h; sourceTree = "<group>"; };
		891A5AA41CA3577600D42A47 /* TemplateCollectionViewCell.m */ = {isa = PBXFileReference; fileEncoding = 4; lastKnownFileType = sourcecode.c.objc; path = TemplateCollectionViewCell.m; sourceTree = "<group>"; };
		894B5AEE1CA0C0E300DD2BFD /* SmartCard.app */ = {isa = PBXFileReference; explicitFileType = wrapper.application; includeInIndex = 0; path = SmartCard.app; sourceTree = BUILT_PRODUCTS_DIR; };
		894B5AF21CA0C0E300DD2BFD /* main.m */ = {isa = PBXFileReference; lastKnownFileType = sourcecode.c.objc; path = main.m; sourceTree = "<group>"; };
		894B5AF41CA0C0E300DD2BFD /* AppDelegate.h */ = {isa = PBXFileReference; lastKnownFileType = sourcecode.c.h; path = AppDelegate.h; sourceTree = "<group>"; };
		894B5AF51CA0C0E300DD2BFD /* AppDelegate.m */ = {isa = PBXFileReference; lastKnownFileType = sourcecode.c.objc; path = AppDelegate.m; sourceTree = "<group>"; };
		894B5AF71CA0C0E300DD2BFD /* ViewController.h */ = {isa = PBXFileReference; lastKnownFileType = sourcecode.c.h; path = ViewController.h; sourceTree = "<group>"; };
		894B5AF81CA0C0E300DD2BFD /* ViewController.m */ = {isa = PBXFileReference; lastKnownFileType = sourcecode.c.objc; path = ViewController.m; sourceTree = "<group>"; };
		894B5AFB1CA0C0E300DD2BFD /* Base */ = {isa = PBXFileReference; lastKnownFileType = file.storyboard; name = Base; path = Base.lproj/Main.storyboard; sourceTree = "<group>"; };
		894B5AFE1CA0C0E300DD2BFD /* SmartCard.xcdatamodel */ = {isa = PBXFileReference; lastKnownFileType = wrapper.xcdatamodel; path = SmartCard.xcdatamodel; sourceTree = "<group>"; };
		894B5B001CA0C0E300DD2BFD /* Assets.xcassets */ = {isa = PBXFileReference; lastKnownFileType = folder.assetcatalog; path = Assets.xcassets; sourceTree = "<group>"; };
		894B5B031CA0C0E300DD2BFD /* Base */ = {isa = PBXFileReference; lastKnownFileType = file.storyboard; name = Base; path = Base.lproj/LaunchScreen.storyboard; sourceTree = "<group>"; };
		894B5B051CA0C0E300DD2BFD /* Info.plist */ = {isa = PBXFileReference; lastKnownFileType = text.plist.xml; path = Info.plist; sourceTree = "<group>"; };
		895B21031CAC69F300CC8610 /* CardImage+CoreDataProperties.h */ = {isa = PBXFileReference; fileEncoding = 4; lastKnownFileType = sourcecode.c.h; name = "CardImage+CoreDataProperties.h"; path = "../CardImage+CoreDataProperties.h"; sourceTree = "<group>"; };
		895B21041CAC69F300CC8610 /* CardImage+CoreDataProperties.m */ = {isa = PBXFileReference; fileEncoding = 4; lastKnownFileType = sourcecode.c.objc; name = "CardImage+CoreDataProperties.m"; path = "../CardImage+CoreDataProperties.m"; sourceTree = "<group>"; };
		895B21051CAC69F400CC8610 /* CardImage.h */ = {isa = PBXFileReference; fileEncoding = 4; lastKnownFileType = sourcecode.c.h; name = CardImage.h; path = ../CardImage.h; sourceTree = "<group>"; };
		895B21061CAC69F400CC8610 /* CardImage.m */ = {isa = PBXFileReference; fileEncoding = 4; lastKnownFileType = sourcecode.c.objc; name = CardImage.m; path = ../CardImage.m; sourceTree = "<group>"; };
		895B21071CAC69F400CC8610 /* ContactData+CoreDataProperties.h */ = {isa = PBXFileReference; fileEncoding = 4; lastKnownFileType = sourcecode.c.h; name = "ContactData+CoreDataProperties.h"; path = "../ContactData+CoreDataProperties.h"; sourceTree = "<group>"; };
		895B21081CAC69F400CC8610 /* ContactData+CoreDataProperties.m */ = {isa = PBXFileReference; fileEncoding = 4; lastKnownFileType = sourcecode.c.objc; name = "ContactData+CoreDataProperties.m"; path = "../ContactData+CoreDataProperties.m"; sourceTree = "<group>"; };
		895B21091CAC69F400CC8610 /* ContactData.h */ = {isa = PBXFileReference; fileEncoding = 4; lastKnownFileType = sourcecode.c.h; name = ContactData.h; path = ../ContactData.h; sourceTree = "<group>"; };
		895B210A1CAC69F400CC8610 /* ContactData.m */ = {isa = PBXFileReference; fileEncoding = 4; lastKnownFileType = sourcecode.c.objc; name = ContactData.m; path = ../ContactData.m; sourceTree = "<group>"; };
		895B210F1CAC6EE000CC8610 /* ContactService.h */ = {isa = PBXFileReference; fileEncoding = 4; lastKnownFileType = sourcecode.c.h; path = ContactService.h; sourceTree = "<group>"; };
		895B21101CAC6EE000CC8610 /* ContactService.m */ = {isa = PBXFileReference; fileEncoding = 4; lastKnownFileType = sourcecode.c.objc; path = ContactService.m; sourceTree = "<group>"; };
		895B21121CADA80800CC8610 /* SmartCard.entitlements */ = {isa = PBXFileReference; lastKnownFileType = text.xml; path = SmartCard.entitlements; sourceTree = "<group>"; };
		89A36A1E1CA1E6D200997095 /* TemplateViewController.h */ = {isa = PBXFileReference; fileEncoding = 4; lastKnownFileType = sourcecode.c.h; path = TemplateViewController.h; sourceTree = "<group>"; };
		89A36A1F1CA1E6D200997095 /* TemplateViewController.m */ = {isa = PBXFileReference; fileEncoding = 4; lastKnownFileType = sourcecode.c.objc; path = TemplateViewController.m; sourceTree = "<group>"; };
		89A36A211CA1E6DC00997095 /* CreateViewController.h */ = {isa = PBXFileReference; fileEncoding = 4; lastKnownFileType = sourcecode.c.h; path = CreateViewController.h; sourceTree = "<group>"; };
		89A36A221CA1E6DC00997095 /* CreateViewController.m */ = {isa = PBXFileReference; fileEncoding = 4; lastKnownFileType = sourcecode.c.objc; path = CreateViewController.m; sourceTree = "<group>"; };
		89A36A241CA1E6E300997095 /* InfoViewController.h */ = {isa = PBXFileReference; fileEncoding = 4; lastKnownFileType = sourcecode.c.h; path = InfoViewController.h; sourceTree = "<group>"; };
		89A36A251CA1E6E300997095 /* InfoViewController.m */ = {isa = PBXFileReference; fileEncoding = 4; lastKnownFileType = sourcecode.c.objc; path = InfoViewController.m; sourceTree = "<group>"; };
		89A36A271CA1E6EA00997095 /* ShareViewController.h */ = {isa = PBXFileReference; fileEncoding = 4; lastKnownFileType = sourcecode.c.h; path = ShareViewController.h; sourceTree = "<group>"; };
		89A36A281CA1E6EA00997095 /* ShareViewController.m */ = {isa = PBXFileReference; fileEncoding = 4; lastKnownFileType = sourcecode.c.objc; path = ShareViewController.m; sourceTree = "<group>"; };
		E94808761CB4482400AFF926 /* RegexService.h */ = {isa = PBXFileReference; fileEncoding = 4; lastKnownFileType = sourcecode.c.h; path = RegexService.h; sourceTree = "<group>"; };
		E94808771CB4482400AFF926 /* RegexService.m */ = {isa = PBXFileReference; fileEncoding = 4; lastKnownFileType = sourcecode.c.objc; path = RegexService.m; sourceTree = "<group>"; };
/* End PBXFileReference section */

/* Begin PBXFrameworksBuildPhase section */
		894B5AEB1CA0C0E300DD2BFD /* Frameworks */ = {
			isa = PBXFrameworksBuildPhase;
			buildActionMask = 2147483647;
			files = (
				891A5A9D1CA3280A00D42A47 /* Crashlytics.framework in Frameworks */,
				891A5A9C1CA3280A00D42A47 /* Fabric.framework in Frameworks */,
			);
			runOnlyForDeploymentPostprocessing = 0;
		};
/* End PBXFrameworksBuildPhase section */

/* Begin PBXGroup section */
		0B7B573C1CA0E55600CD05F9 /* AppGlobal */ = {
			isa = PBXGroup;
			children = (
				894B5AF41CA0C0E300DD2BFD /* AppDelegate.h */,
				894B5AF51CA0C0E300DD2BFD /* AppDelegate.m */,
				894B5B051CA0C0E300DD2BFD /* Info.plist */,
			);
			name = AppGlobal;
			sourceTree = "<group>";
		};
		0B7B573D1CA0E56600CD05F9 /* Controller */ = {
			isa = PBXGroup;
			children = (
				894B5AF71CA0C0E300DD2BFD /* ViewController.h */,
				894B5AF81CA0C0E300DD2BFD /* ViewController.m */,
				89A36A1E1CA1E6D200997095 /* TemplateViewController.h */,
				89A36A1F1CA1E6D200997095 /* TemplateViewController.m */,
				89A36A211CA1E6DC00997095 /* CreateViewController.h */,
				89A36A221CA1E6DC00997095 /* CreateViewController.m */,
				89A36A241CA1E6E300997095 /* InfoViewController.h */,
				89A36A251CA1E6E300997095 /* InfoViewController.m */,
				89A36A271CA1E6EA00997095 /* ShareViewController.h */,
				89A36A281CA1E6EA00997095 /* ShareViewController.m */,
			);
			name = Controller;
			sourceTree = "<group>";
		};
		0B7B573E1CA0E57500CD05F9 /* View */ = {
			isa = PBXGroup;
			children = (
				0B98A76B1CAB79C10057D3BE /* Views */,
				0BF1BC431CA38C9F00EEEEF7 /* CollectionViewCells */,
				0BF1BC471CA38CEB00EEEEF7 /* CollectionViewFlowLayout */,
				894B5B001CA0C0E300DD2BFD /* Assets.xcassets */,
				0B98A76A1CAB79A90057D3BE /* Storyboard */,
			);
			name = View;
			sourceTree = "<group>";
		};
		0B7B573F1CA0E57E00CD05F9 /* Model */ = {
			isa = PBXGroup;
			children = (
				0B7B57401CA0E5A700CD05F9 /* BaseTemplate.h */,
				0B7B57411CA0E5A700CD05F9 /* BaseTemplate.m */,
				895B21031CAC69F300CC8610 /* CardImage+CoreDataProperties.h */,
				895B21041CAC69F300CC8610 /* CardImage+CoreDataProperties.m */,
				895B21051CAC69F400CC8610 /* CardImage.h */,
				895B21061CAC69F400CC8610 /* CardImage.m */,
				895B21071CAC69F400CC8610 /* ContactData+CoreDataProperties.h */,
				895B21081CAC69F400CC8610 /* ContactData+CoreDataProperties.m */,
				895B21091CAC69F400CC8610 /* ContactData.h */,
				895B210A1CAC69F400CC8610 /* ContactData.m */,
				E94808761CB4482400AFF926 /* RegexService.h */,
				E94808771CB4482400AFF926 /* RegexService.m */,
				895B210F1CAC6EE000CC8610 /* ContactService.h */,
				895B21101CAC6EE000CC8610 /* ContactService.m */,
				894B5AFD1CA0C0E300DD2BFD /* SmartCard.xcdatamodeld */,
				0BCA11A91CB1ADDE006A757F /* CardStore.h */,
				0BCA11AA1CB1ADDE006A757F /* CardStore.m */,
			);
			name = Model;
			sourceTree = "<group>";
		};
		0B98A76A1CAB79A90057D3BE /* Storyboard */ = {
			isa = PBXGroup;
			children = (
				894B5AFA1CA0C0E300DD2BFD /* Main.storyboard */,
				894B5B021CA0C0E300DD2BFD /* LaunchScreen.storyboard */,
			);
			name = Storyboard;
			sourceTree = "<group>";
		};
		0B98A76B1CAB79C10057D3BE /* Views */ = {
			isa = PBXGroup;
			children = (
				0B98A76C1CAB79E00057D3BE /* TemplateAView.h */,
				0B98A76D1CAB79E00057D3BE /* TemplateAView.m */,
				0B98A76F1CAB7CC20057D3BE /* TemplateBView.h */,
				0B98A7701CAB7CC20057D3BE /* TemplateBView.m */,
				0B98A7721CAB7DB60057D3BE /* TemplateCView.h */,
				0B98A7731CAB7DB60057D3BE /* TemplateCView.m */,
				0B98A7751CAB7E220057D3BE /* TemplateDView.h */,
				0B98A7761CAB7E220057D3BE /* TemplateDView.m */,
				0B98A7781CAB7EA10057D3BE /* TemplateEView.h */,
				0B98A7791CAB7EA10057D3BE /* TemplateEView.m */,
				0B98A77B1CAB7F080057D3BE /* TemplateFView.h */,
				0B98A77C1CAB7F080057D3BE /* TemplateFView.m */,
				0B98A77E1CAB7F550057D3BE /* TemplateGView.h */,
				0B98A77F1CAB7F550057D3BE /* TemplateGView.m */,
			);
			name = Views;
			sourceTree = "<group>";
		};
		0BF1BC431CA38C9F00EEEEF7 /* CollectionViewCells */ = {
			isa = PBXGroup;
			children = (
				891A5AA31CA3577600D42A47 /* TemplateCollectionViewCell.h */,
				891A5AA41CA3577600D42A47 /* TemplateCollectionViewCell.m */,
				0BF1BC441CA38CC700EEEEF7 /* SavedCollectionViewCell.h */,
				0BF1BC451CA38CC700EEEEF7 /* SavedCollectionViewCell.m */,
			);
			name = CollectionViewCells;
			sourceTree = "<group>";
		};
		0BF1BC471CA38CEB00EEEEF7 /* CollectionViewFlowLayout */ = {
			isa = PBXGroup;
			children = (
				891A5AA01CA349B100D42A47 /* HomeCollectionViewFlowLayout.h */,
				891A5AA11CA349B100D42A47 /* HomeCollectionViewFlowLayout.m */,
				0BF1BC481CA38D2400EEEEF7 /* SavedCollectionViewFlowLayout.h */,
				0BF1BC491CA38D2400EEEEF7 /* SavedCollectionViewFlowLayout.m */,
			);
			name = CollectionViewFlowLayout;
			sourceTree = "<group>";
		};
		894B5AE51CA0C0E300DD2BFD = {
			isa = PBXGroup;
			children = (
				894B5AF01CA0C0E300DD2BFD /* SmartCard */,
				894B5AEF1CA0C0E300DD2BFD /* Products */,
			);
			sourceTree = "<group>";
		};
		894B5AEF1CA0C0E300DD2BFD /* Products */ = {
			isa = PBXGroup;
			children = (
				894B5AEE1CA0C0E300DD2BFD /* SmartCard.app */,
			);
			name = Products;
			sourceTree = "<group>";
		};
		894B5AF01CA0C0E300DD2BFD /* SmartCard */ = {
			isa = PBXGroup;
			children = (
				895B21121CADA80800CC8610 /* SmartCard.entitlements */,
				891A5A9A1CA3280A00D42A47 /* Fabric.framework */,
				891A5A9B1CA3280A00D42A47 /* Crashlytics.framework */,
				0B7B573C1CA0E55600CD05F9 /* AppGlobal */,
				0B7B573D1CA0E56600CD05F9 /* Controller */,
				0B7B573E1CA0E57500CD05F9 /* View */,
				0B7B573F1CA0E57E00CD05F9 /* Model */,
				894B5AF11CA0C0E300DD2BFD /* Supporting Files */,
			);
			path = SmartCard;
			sourceTree = "<group>";
		};
		894B5AF11CA0C0E300DD2BFD /* Supporting Files */ = {
			isa = PBXGroup;
			children = (
				894B5AF21CA0C0E300DD2BFD /* main.m */,
			);
			name = "Supporting Files";
			sourceTree = "<group>";
		};
/* End PBXGroup section */

/* Begin PBXNativeTarget section */
		894B5AED1CA0C0E300DD2BFD /* SmartCard */ = {
			isa = PBXNativeTarget;
			buildConfigurationList = 894B5B081CA0C0E300DD2BFD /* Build configuration list for PBXNativeTarget "SmartCard" */;
			buildPhases = (
				894B5AEA1CA0C0E300DD2BFD /* Sources */,
				894B5AEB1CA0C0E300DD2BFD /* Frameworks */,
				894B5AEC1CA0C0E300DD2BFD /* Resources */,
				891A5A991CA327DD00D42A47 /* ShellScript */,
			);
			buildRules = (
			);
			dependencies = (
			);
			name = SmartCard;
			productName = SmartCard;
			productReference = 894B5AEE1CA0C0E300DD2BFD /* SmartCard.app */;
			productType = "com.apple.product-type.application";
		};
/* End PBXNativeTarget section */

/* Begin PBXProject section */
		894B5AE61CA0C0E300DD2BFD /* Project object */ = {
			isa = PBXProject;
			attributes = {
				LastUpgradeCheck = 0720;
				ORGANIZATIONNAME = "Lauren Spatz";
				TargetAttributes = {
					894B5AED1CA0C0E300DD2BFD = {
						CreatedOnToolsVersion = 7.2.1;
						DevelopmentTeam = Z9GGFL7AD3;
						SystemCapabilities = {
							com.apple.iCloud = {
								enabled = 1;
							};
						};
					};
				};
			};
			buildConfigurationList = 894B5AE91CA0C0E300DD2BFD /* Build configuration list for PBXProject "SmartCard" */;
			compatibilityVersion = "Xcode 3.2";
			developmentRegion = English;
			hasScannedForEncodings = 0;
			knownRegions = (
				en,
				Base,
			);
			mainGroup = 894B5AE51CA0C0E300DD2BFD;
			productRefGroup = 894B5AEF1CA0C0E300DD2BFD /* Products */;
			projectDirPath = "";
			projectRoot = "";
			targets = (
				894B5AED1CA0C0E300DD2BFD /* SmartCard */,
			);
		};
/* End PBXProject section */

/* Begin PBXResourcesBuildPhase section */
		894B5AEC1CA0C0E300DD2BFD /* Resources */ = {
			isa = PBXResourcesBuildPhase;
			buildActionMask = 2147483647;
			files = (
				894B5B041CA0C0E300DD2BFD /* LaunchScreen.storyboard in Resources */,
				894B5B011CA0C0E300DD2BFD /* Assets.xcassets in Resources */,
				894B5AFC1CA0C0E300DD2BFD /* Main.storyboard in Resources */,
			);
			runOnlyForDeploymentPostprocessing = 0;
		};
/* End PBXResourcesBuildPhase section */

/* Begin PBXShellScriptBuildPhase section */
		891A5A991CA327DD00D42A47 /* ShellScript */ = {
			isa = PBXShellScriptBuildPhase;
			buildActionMask = 2147483647;
			files = (
			);
			inputPaths = (
			);
			outputPaths = (
			);
			runOnlyForDeploymentPostprocessing = 0;
			shellPath = /bin/sh;
			shellScript = "./Fabric.framework/run 044ab976dfe8424d943175ee241fd79bc734649f 76765040cc9c79982a97bc51c4722001a10545ba803200f5d92035a2f044da5a";
		};
/* End PBXShellScriptBuildPhase section */

/* Begin PBXSourcesBuildPhase section */
		894B5AEA1CA0C0E300DD2BFD /* Sources */ = {
			isa = PBXSourcesBuildPhase;
			buildActionMask = 2147483647;
			files = (
				895B21111CAC6EE000CC8610 /* ContactService.m in Sources */,
				0BF1BC461CA38CC700EEEEF7 /* SavedCollectionViewCell.m in Sources */,
				0B98A7741CAB7DB60057D3BE /* TemplateCView.m in Sources */,
				0B98A7711CAB7CC20057D3BE /* TemplateBView.m in Sources */,
				895B210E1CAC69F400CC8610 /* ContactData.m in Sources */,
				89A36A261CA1E6E300997095 /* InfoViewController.m in Sources */,
				0B98A77D1CAB7F080057D3BE /* TemplateFView.m in Sources */,
				0BCA11AB1CB1ADDE006A757F /* CardStore.m in Sources */,
				894B5AF91CA0C0E300DD2BFD /* ViewController.m in Sources */,
				891A5AA21CA349B100D42A47 /* HomeCollectionViewFlowLayout.m in Sources */,
				89A36A231CA1E6DC00997095 /* CreateViewController.m in Sources */,
				0B7B57421CA0E5A700CD05F9 /* BaseTemplate.m in Sources */,
				0B98A7771CAB7E220057D3BE /* TemplateDView.m in Sources */,
				895B210B1CAC69F400CC8610 /* CardImage+CoreDataProperties.m in Sources */,
				89A36A201CA1E6D200997095 /* TemplateViewController.m in Sources */,
				0B98A76E1CAB79E00057D3BE /* TemplateAView.m in Sources */,
				894B5AF61CA0C0E300DD2BFD /* AppDelegate.m in Sources */,
				891A5AA51CA3577600D42A47 /* TemplateCollectionViewCell.m in Sources */,
				0BF1BC4A1CA38D2400EEEEF7 /* SavedCollectionViewFlowLayout.m in Sources */,
				E94808781CB4482400AFF926 /* RegexService.m in Sources */,
				0B98A7801CAB7F550057D3BE /* TemplateGView.m in Sources */,
				895B210D1CAC69F400CC8610 /* ContactData+CoreDataProperties.m in Sources */,
				0B98A77A1CAB7EA10057D3BE /* TemplateEView.m in Sources */,
				895B210C1CAC69F400CC8610 /* CardImage.m in Sources */,
				894B5AF31CA0C0E300DD2BFD /* main.m in Sources */,
				894B5AFF1CA0C0E300DD2BFD /* SmartCard.xcdatamodeld in Sources */,
				89A36A291CA1E6EA00997095 /* ShareViewController.m in Sources */,
			);
			runOnlyForDeploymentPostprocessing = 0;
		};
/* End PBXSourcesBuildPhase section */

/* Begin PBXVariantGroup section */
		894B5AFA1CA0C0E300DD2BFD /* Main.storyboard */ = {
			isa = PBXVariantGroup;
			children = (
				894B5AFB1CA0C0E300DD2BFD /* Base */,
			);
			name = Main.storyboard;
			sourceTree = "<group>";
		};
		894B5B021CA0C0E300DD2BFD /* LaunchScreen.storyboard */ = {
			isa = PBXVariantGroup;
			children = (
				894B5B031CA0C0E300DD2BFD /* Base */,
			);
			name = LaunchScreen.storyboard;
			sourceTree = "<group>";
		};
/* End PBXVariantGroup section */

/* Begin XCBuildConfiguration section */
		894B5B061CA0C0E300DD2BFD /* Debug */ = {
			isa = XCBuildConfiguration;
			buildSettings = {
				ALWAYS_SEARCH_USER_PATHS = NO;
				CLANG_CXX_LANGUAGE_STANDARD = "gnu++0x";
				CLANG_CXX_LIBRARY = "libc++";
				CLANG_ENABLE_MODULES = YES;
				CLANG_ENABLE_OBJC_ARC = YES;
				CLANG_WARN_BOOL_CONVERSION = YES;
				CLANG_WARN_CONSTANT_CONVERSION = YES;
				CLANG_WARN_DIRECT_OBJC_ISA_USAGE = YES_ERROR;
				CLANG_WARN_EMPTY_BODY = YES;
				CLANG_WARN_ENUM_CONVERSION = YES;
				CLANG_WARN_INT_CONVERSION = YES;
				CLANG_WARN_OBJC_ROOT_CLASS = YES_ERROR;
				CLANG_WARN_UNREACHABLE_CODE = YES;
				CLANG_WARN__DUPLICATE_METHOD_MATCH = YES;
				"CODE_SIGN_IDENTITY[sdk=iphoneos*]" = "iPhone Developer";
				COPY_PHASE_STRIP = NO;
				DEBUG_INFORMATION_FORMAT = dwarf;
				ENABLE_STRICT_OBJC_MSGSEND = YES;
				ENABLE_TESTABILITY = YES;
				GCC_C_LANGUAGE_STANDARD = gnu99;
				GCC_DYNAMIC_NO_PIC = NO;
				GCC_NO_COMMON_BLOCKS = YES;
				GCC_OPTIMIZATION_LEVEL = 0;
				GCC_PREPROCESSOR_DEFINITIONS = (
					"DEBUG=1",
					"$(inherited)",
				);
				GCC_WARN_64_TO_32_BIT_CONVERSION = YES;
				GCC_WARN_ABOUT_RETURN_TYPE = YES_ERROR;
				GCC_WARN_UNDECLARED_SELECTOR = YES;
				GCC_WARN_UNINITIALIZED_AUTOS = YES_AGGRESSIVE;
				GCC_WARN_UNUSED_FUNCTION = YES;
				GCC_WARN_UNUSED_VARIABLE = YES;
				IPHONEOS_DEPLOYMENT_TARGET = 9.2;
				MTL_ENABLE_DEBUG_INFO = YES;
				ONLY_ACTIVE_ARCH = YES;
				SDKROOT = iphoneos;
				TARGETED_DEVICE_FAMILY = "1,2";
			};
			name = Debug;
		};
		894B5B071CA0C0E300DD2BFD /* Release */ = {
			isa = XCBuildConfiguration;
			buildSettings = {
				ALWAYS_SEARCH_USER_PATHS = NO;
				CLANG_CXX_LANGUAGE_STANDARD = "gnu++0x";
				CLANG_CXX_LIBRARY = "libc++";
				CLANG_ENABLE_MODULES = YES;
				CLANG_ENABLE_OBJC_ARC = YES;
				CLANG_WARN_BOOL_CONVERSION = YES;
				CLANG_WARN_CONSTANT_CONVERSION = YES;
				CLANG_WARN_DIRECT_OBJC_ISA_USAGE = YES_ERROR;
				CLANG_WARN_EMPTY_BODY = YES;
				CLANG_WARN_ENUM_CONVERSION = YES;
				CLANG_WARN_INT_CONVERSION = YES;
				CLANG_WARN_OBJC_ROOT_CLASS = YES_ERROR;
				CLANG_WARN_UNREACHABLE_CODE = YES;
				CLANG_WARN__DUPLICATE_METHOD_MATCH = YES;
				"CODE_SIGN_IDENTITY[sdk=iphoneos*]" = "iPhone Developer";
				COPY_PHASE_STRIP = NO;
				DEBUG_INFORMATION_FORMAT = "dwarf-with-dsym";
				ENABLE_NS_ASSERTIONS = NO;
				ENABLE_STRICT_OBJC_MSGSEND = YES;
				GCC_C_LANGUAGE_STANDARD = gnu99;
				GCC_NO_COMMON_BLOCKS = YES;
				GCC_WARN_64_TO_32_BIT_CONVERSION = YES;
				GCC_WARN_ABOUT_RETURN_TYPE = YES_ERROR;
				GCC_WARN_UNDECLARED_SELECTOR = YES;
				GCC_WARN_UNINITIALIZED_AUTOS = YES_AGGRESSIVE;
				GCC_WARN_UNUSED_FUNCTION = YES;
				GCC_WARN_UNUSED_VARIABLE = YES;
				IPHONEOS_DEPLOYMENT_TARGET = 9.2;
				MTL_ENABLE_DEBUG_INFO = NO;
				SDKROOT = iphoneos;
				TARGETED_DEVICE_FAMILY = "1,2";
				VALIDATE_PRODUCT = YES;
			};
			name = Release;
		};
		894B5B091CA0C0E300DD2BFD /* Debug */ = {
			isa = XCBuildConfiguration;
			buildSettings = {
				ASSETCATALOG_COMPILER_APPICON_NAME = AppIcon;
				CODE_SIGN_ENTITLEMENTS = SmartCard/SmartCard.entitlements;
				CODE_SIGN_IDENTITY = "iPhone Developer";
				"CODE_SIGN_IDENTITY[sdk=iphoneos*]" = "iPhone Developer";
				DEBUG_INFORMATION_FORMAT = "dwarf-with-dsym";
				FRAMEWORK_SEARCH_PATHS = (
					"$(inherited)",
					"$(PROJECT_DIR)/SmartCard",
				);
				INFOPLIST_FILE = SmartCard/Info.plist;
				LD_RUNPATH_SEARCH_PATHS = "$(inherited) @executable_path/Frameworks";
				PRODUCT_BUNDLE_IDENTIFIER = com.laurenspatz.SmartCard;
				PRODUCT_NAME = "$(TARGET_NAME)";
				PROVISIONING_PROFILE = "";
			};
			name = Debug;
		};
		894B5B0A1CA0C0E300DD2BFD /* Release */ = {
			isa = XCBuildConfiguration;
			buildSettings = {
				ASSETCATALOG_COMPILER_APPICON_NAME = AppIcon;
				CODE_SIGN_ENTITLEMENTS = SmartCard/SmartCard.entitlements;
				CODE_SIGN_IDENTITY = "iPhone Developer";
				"CODE_SIGN_IDENTITY[sdk=iphoneos*]" = "iPhone Developer";
				DEBUG_INFORMATION_FORMAT = "dwarf-with-dsym";
				FRAMEWORK_SEARCH_PATHS = (
					"$(inherited)",
					"$(PROJECT_DIR)/SmartCard",
				);
				INFOPLIST_FILE = SmartCard/Info.plist;
				LD_RUNPATH_SEARCH_PATHS = "$(inherited) @executable_path/Frameworks";
				PRODUCT_BUNDLE_IDENTIFIER = com.laurenspatz.SmartCard;
				PRODUCT_NAME = "$(TARGET_NAME)";
				PROVISIONING_PROFILE = "";
			};
			name = Release;
		};
/* End XCBuildConfiguration section */

/* Begin XCConfigurationList section */
		894B5AE91CA0C0E300DD2BFD /* Build configuration list for PBXProject "SmartCard" */ = {
			isa = XCConfigurationList;
			buildConfigurations = (
				894B5B061CA0C0E300DD2BFD /* Debug */,
				894B5B071CA0C0E300DD2BFD /* Release */,
			);
			defaultConfigurationIsVisible = 0;
			defaultConfigurationName = Release;
		};
		894B5B081CA0C0E300DD2BFD /* Build configuration list for PBXNativeTarget "SmartCard" */ = {
			isa = XCConfigurationList;
			buildConfigurations = (
				894B5B091CA0C0E300DD2BFD /* Debug */,
				894B5B0A1CA0C0E300DD2BFD /* Release */,
			);
			defaultConfigurationIsVisible = 0;
			defaultConfigurationName = Release;
		};
/* End XCConfigurationList section */

/* Begin XCVersionGroup section */
		894B5AFD1CA0C0E300DD2BFD /* SmartCard.xcdatamodeld */ = {
			isa = XCVersionGroup;
			children = (
				894B5AFE1CA0C0E300DD2BFD /* SmartCard.xcdatamodel */,
			);
			currentVersion = 894B5AFE1CA0C0E300DD2BFD /* SmartCard.xcdatamodel */;
			path = SmartCard.xcdatamodeld;
			sourceTree = "<group>";
			versionGroupType = wrapper.xcdatamodel;
		};
/* End XCVersionGroup section */
	};
	rootObject = 894B5AE61CA0C0E300DD2BFD /* Project object */;
}
